
Microsoft Visual Studio Solution File, Format Version 12.00
# Visual Studio Version 17
VisualStudioVersion = 17.5.002.0
MinimumVisualStudioVersion = 10.0.40219.1
Project("{9A19103F-16F7-4668-BE54-9A1E7A4F7556}") = "DataConnect", "src\DataConnect.csproj", "{E7C7810B-7FD1-4293-AC78-951BF067BF6C}"
EndProject
Global
	GlobalSection(SolutionConfigurationPlatforms) = preSolution
		Debug|Any CPU = Debug|Any CPU
		Release|Any CPU = Release|Any CPU
	EndGlobalSection
	GlobalSection(ProjectConfigurationPlatforms) = postSolution
		{E7C7810B-7FD1-4293-AC78-951BF067BF6C}.Debug|Any CPU.ActiveCfg = Debug|Any CPU
		{E7C7810B-7FD1-4293-AC78-951BF067BF6C}.Debug|Any CPU.Build.0 = Debug|Any CPU
		{E7C7810B-7FD1-4293-AC78-951BF067BF6C}.Release|Any CPU.ActiveCfg = Release|Any CPU
		{E7C7810B-7FD1-4293-AC78-951BF067BF6C}.Release|Any CPU.Build.0 = Release|Any CPU
	EndGlobalSection
	GlobalSection(SolutionProperties) = preSolution
		HideSolutionNode = FALSE
	EndGlobalSection
	GlobalSection(ExtensibilityGlobals) = postSolution
		SolutionGuid = {80DC8A83-BCD4-4AA8-A9DE-B4EB97B16886}
	EndGlobalSection
EndGlobal
